// !$*UTF8*$!
{
	archiveVersion = 1;
	classes = {
	};
	objectVersion = 46;
	objects = {

/* Begin PBXBuildFile section */
		44B9098518F1FB21006DDD07 /* Foundation.framework in Frameworks */ = {isa = PBXBuildFile; fileRef = 44B9098418F1FB21006DDD07 /* Foundation.framework */; };
		44B9098718F1FB21006DDD07 /* CoreGraphics.framework in Frameworks */ = {isa = PBXBuildFile; fileRef = 44B9098618F1FB21006DDD07 /* CoreGraphics.framework */; };
		44B9098918F1FB21006DDD07 /* UIKit.framework in Frameworks */ = {isa = PBXBuildFile; fileRef = 44B9098818F1FB21006DDD07 /* UIKit.framework */; };
		44B9098F18F1FB21006DDD07 /* InfoPlist.strings in Resources */ = {isa = PBXBuildFile; fileRef = 44B9098D18F1FB21006DDD07 /* InfoPlist.strings */; };
		44B9099118F1FB21006DDD07 /* main.m in Sources */ = {isa = PBXBuildFile; fileRef = 44B9099018F1FB21006DDD07 /* main.m */; };
		44B9099518F1FB21006DDD07 /* TRRAppDelegate.m in Sources */ = {isa = PBXBuildFile; fileRef = 44B9099418F1FB21006DDD07 /* TRRAppDelegate.m */; };
		44B9099818F1FB21006DDD07 /* Main.storyboard in Resources */ = {isa = PBXBuildFile; fileRef = 44B9099618F1FB21006DDD07 /* Main.storyboard */; };
		44B9099B18F1FB21006DDD07 /* TRRViewController.m in Sources */ = {isa = PBXBuildFile; fileRef = 44B9099A18F1FB21006DDD07 /* TRRViewController.m */; };
		44B9099D18F1FB21006DDD07 /* Images.xcassets in Resources */ = {isa = PBXBuildFile; fileRef = 44B9099C18F1FB21006DDD07 /* Images.xcassets */; };
		44B909A418F1FB21006DDD07 /* XCTest.framework in Frameworks */ = {isa = PBXBuildFile; fileRef = 44B909A318F1FB21006DDD07 /* XCTest.framework */; };
		44B909A518F1FB21006DDD07 /* Foundation.framework in Frameworks */ = {isa = PBXBuildFile; fileRef = 44B9098418F1FB21006DDD07 /* Foundation.framework */; };
		44B909A618F1FB21006DDD07 /* UIKit.framework in Frameworks */ = {isa = PBXBuildFile; fileRef = 44B9098818F1FB21006DDD07 /* UIKit.framework */; };
		44B909AE18F1FB21006DDD07 /* InfoPlist.strings in Resources */ = {isa = PBXBuildFile; fileRef = 44B909AC18F1FB21006DDD07 /* InfoPlist.strings */; };
		44B909B018F1FB21006DDD07 /* GitTestTests.m in Sources */ = {isa = PBXBuildFile; fileRef = 44B909AF18F1FB21006DDD07 /* GitTestTests.m */; };
/* End PBXBuildFile section */

/* Begin PBXContainerItemProxy section */
		44B909A718F1FB21006DDD07 /* PBXContainerItemProxy */ = {
			isa = PBXContainerItemProxy;
			containerPortal = 44B9097918F1FB21006DDD07 /* Project object */;
			proxyType = 1;
			remoteGlobalIDString = 44B9098018F1FB21006DDD07;
			remoteInfo = GitTest;
		};
/* End PBXContainerItemProxy section */

/* Begin PBXFileReference section */
		44B9098118F1FB21006DDD07 /* GitTest.app */ = {isa = PBXFileReference; explicitFileType = wrapper.application; includeInIndex = 0; path = GitTest.app; sourceTree = BUILT_PRODUCTS_DIR; };
		44B9098418F1FB21006DDD07 /* Foundation.framework */ = {isa = PBXFileReference; lastKnownFileType = wrapper.framework; name = Foundation.framework; path = System/Library/Frameworks/Foundation.framework; sourceTree = SDKROOT; };
		44B9098618F1FB21006DDD07 /* CoreGraphics.framework */ = {isa = PBXFileReference; lastKnownFileType = wrapper.framework; name = CoreGraphics.framework; path = System/Library/Frameworks/CoreGraphics.framework; sourceTree = SDKROOT; };
		44B9098818F1FB21006DDD07 /* UIKit.framework */ = {isa = PBXFileReference; lastKnownFileType = wrapper.framework; name = UIKit.framework; path = System/Library/Frameworks/UIKit.framework; sourceTree = SDKROOT; };
		44B9098C18F1FB21006DDD07 /* GitTest-Info.plist */ = {isa = PBXFileReference; lastKnownFileType = text.plist.xml; path = "GitTest-Info.plist"; sourceTree = "<group>"; };
		44B9098E18F1FB21006DDD07 /* en */ = {isa = PBXFileReference; lastKnownFileType = text.plist.strings; name = en; path = en.lproj/InfoPlist.strings; sourceTree = "<group>"; };
		44B9099018F1FB21006DDD07 /* main.m */ = {isa = PBXFileReference; lastKnownFileType = sourcecode.c.objc; path = main.m; sourceTree = "<group>"; };
		44B9099218F1FB21006DDD07 /* GitTest-Prefix.pch */ = {isa = PBXFileReference; lastKnownFileType = sourcecode.c.h; path = "GitTest-Prefix.pch"; sourceTree = "<group>"; };
		44B9099318F1FB21006DDD07 /* TRRAppDelegate.h */ = {isa = PBXFileReference; lastKnownFileType = sourcecode.c.h; path = TRRAppDelegate.h; sourceTree = "<group>"; };
		44B9099418F1FB21006DDD07 /* TRRAppDelegate.m */ = {isa = PBXFileReference; lastKnownFileType = sourcecode.c.objc; path = TRRAppDelegate.m; sourceTree = "<group>"; };
		44B9099718F1FB21006DDD07 /* Base */ = {isa = PBXFileReference; lastKnownFileType = file.storyboard; name = Base; path = Base.lproj/Main.storyboard; sourceTree = "<group>"; };
		44B9099918F1FB21006DDD07 /* TRRViewController.h */ = {isa = PBXFileReference; lastKnownFileType = sourcecode.c.h; path = TRRViewController.h; sourceTree = "<group>"; };
		44B9099A18F1FB21006DDD07 /* TRRViewController.m */ = {isa = PBXFileReference; lastKnownFileType = sourcecode.c.objc; path = TRRViewController.m; sourceTree = "<group>"; };
		44B9099C18F1FB21006DDD07 /* Images.xcassets */ = {isa = PBXFileReference; lastKnownFileType = folder.assetcatalog; path = Images.xcassets; sourceTree = "<group>"; };
		44B909A218F1FB21006DDD07 /* GitTestTests.xctest */ = {isa = PBXFileReference; explicitFileType = wrapper.cfbundle; includeInIndex = 0; path = GitTestTests.xctest; sourceTree = BUILT_PRODUCTS_DIR; };
		44B909A318F1FB21006DDD07 /* XCTest.framework */ = {isa = PBXFileReference; lastKnownFileType = wrapper.framework; name = XCTest.framework; path = Library/Frameworks/XCTest.framework; sourceTree = DEVELOPER_DIR; };
		44B909AB18F1FB21006DDD07 /* GitTestTests-Info.plist */ = {isa = PBXFileReference; lastKnownFileType = text.plist.xml; path = "GitTestTests-Info.plist"; sourceTree = "<group>"; };
		44B909AD18F1FB21006DDD07 /* en */ = {isa = PBXFileReference; lastKnownFileType = text.plist.strings; name = en; path = en.lproj/InfoPlist.strings; sourceTree = "<group>"; };
		44B909AF18F1FB21006DDD07 /* GitTestTests.m */ = {isa = PBXFileReference; lastKnownFileType = sourcecode.c.objc; path = GitTestTests.m; sourceTree = "<group>"; };
/* End PBXFileReference section */

/* Begin PBXFrameworksBuildPhase section */
		44B9097E18F1FB21006DDD07 /* Frameworks */ = {
			isa = PBXFrameworksBuildPhase;
			buildActionMask = 2147483647;
			files = (
				44B9098718F1FB21006DDD07 /* CoreGraphics.framework in Frameworks */,
				44B9098918F1FB21006DDD07 /* UIKit.framework in Frameworks */,
				44B9098518F1FB21006DDD07 /* Foundation.framework in Frameworks */,
			);
			runOnlyForDeploymentPostprocessing = 0;
		};
		44B9099F18F1FB21006DDD07 /* Frameworks */ = {
			isa = PBXFrameworksBuildPhase;
			buildActionMask = 2147483647;
			files = (
				44B909A418F1FB21006DDD07 /* XCTest.framework in Frameworks */,
				44B909A618F1FB21006DDD07 /* UIKit.framework in Frameworks */,
				44B909A518F1FB21006DDD07 /* Foundation.framework in Frameworks */,
			);
			runOnlyForDeploymentPostprocessing = 0;
		};
/* End PBXFrameworksBuildPhase section */

/* Begin PBXGroup section */
		44B9097818F1FB21006DDD07 = {
			isa = PBXGroup;
			children = (
				44B9098A18F1FB21006DDD07 /* GitTest */,
				44B909A918F1FB21006DDD07 /* GitTestTests */,
				44B9098318F1FB21006DDD07 /* Frameworks */,
				44B9098218F1FB21006DDD07 /* Products */,
			);
			sourceTree = "<group>";
		};
		44B9098218F1FB21006DDD07 /* Products */ = {
			isa = PBXGroup;
			children = (
				44B9098118F1FB21006DDD07 /* GitTest.app */,
				44B909A218F1FB21006DDD07 /* GitTestTests.xctest */,
			);
			name = Products;
			sourceTree = "<group>";
		};
		44B9098318F1FB21006DDD07 /* Frameworks */ = {
			isa = PBXGroup;
			children = (
				44B9098418F1FB21006DDD07 /* Foundation.framework */,
				44B9098618F1FB21006DDD07 /* CoreGraphics.framework */,
				44B9098818F1FB21006DDD07 /* UIKit.framework */,
				44B909A318F1FB21006DDD07 /* XCTest.framework */,
			);
			name = Frameworks;
			sourceTree = "<group>";
		};
		44B9098A18F1FB21006DDD07 /* GitTest */ = {
			isa = PBXGroup;
			children = (
				44B9099318F1FB21006DDD07 /* TRRAppDelegate.h */,
				44B9099418F1FB21006DDD07 /* TRRAppDelegate.m */,
				44B9099618F1FB21006DDD07 /* Main.storyboard */,
				44B9099918F1FB21006DDD07 /* TRRViewController.h */,
				44B9099A18F1FB21006DDD07 /* TRRViewController.m */,
				44B9099C18F1FB21006DDD07 /* Images.xcassets */,
				44B9098B18F1FB21006DDD07 /* Supporting Files */,
			);
			path = GitTest;
			sourceTree = "<group>";
		};
		44B9098B18F1FB21006DDD07 /* Supporting Files */ = {
			isa = PBXGroup;
			children = (
				44B9098C18F1FB21006DDD07 /* GitTest-Info.plist */,
				44B9098D18F1FB21006DDD07 /* InfoPlist.strings */,
				44B9099018F1FB21006DDD07 /* main.m */,
				44B9099218F1FB21006DDD07 /* GitTest-Prefix.pch */,
			);
			name = "Supporting Files";
			sourceTree = "<group>";
		};
		44B909A918F1FB21006DDD07 /* GitTestTests */ = {
			isa = PBXGroup;
			children = (
				44B909AF18F1FB21006DDD07 /* GitTestTests.m */,
				44B909AA18F1FB21006DDD07 /* Supporting Files */,
			);
			path = GitTestTests;
			sourceTree = "<group>";
		};
		44B909AA18F1FB21006DDD07 /* Supporting Files */ = {
			isa = PBXGroup;
			children = (
				44B909AB18F1FB21006DDD07 /* GitTestTests-Info.plist */,
				44B909AC18F1FB21006DDD07 /* InfoPlist.strings */,
			);
			name = "Supporting Files";
			sourceTree = "<group>";
		};
/* End PBXGroup section */

/* Begin PBXNativeTarget section */
		44B9098018F1FB21006DDD07 /* GitTest */ = {
			isa = PBXNativeTarget;
			buildConfigurationList = 44B909B318F1FB21006DDD07 /* Build configuration list for PBXNativeTarget "GitTest" */;
			buildPhases = (
				44B9097D18F1FB21006DDD07 /* Sources */,
				44B9097E18F1FB21006DDD07 /* Frameworks */,
				44B9097F18F1FB21006DDD07 /* Resources */,
			);
			buildRules = (
			);
			dependencies = (
			);
			name = GitTest;
			productName = GitTest;
			productReference = 44B9098118F1FB21006DDD07 /* GitTest.app */;
			productType = "com.apple.product-type.application";
		};
		44B909A118F1FB21006DDD07 /* GitTestTests */ = {
			isa = PBXNativeTarget;
			buildConfigurationList = 44B909B618F1FB21006DDD07 /* Build configuration list for PBXNativeTarget "GitTestTests" */;
			buildPhases = (
				44B9099E18F1FB21006DDD07 /* Sources */,
				44B9099F18F1FB21006DDD07 /* Frameworks */,
				44B909A018F1FB21006DDD07 /* Resources */,
			);
			buildRules = (
			);
			dependencies = (
				44B909A818F1FB21006DDD07 /* PBXTargetDependency */,
			);
			name = GitTestTests;
			productName = GitTestTests;
			productReference = 44B909A218F1FB21006DDD07 /* GitTestTests.xctest */;
			productType = "com.apple.product-type.bundle.unit-test";
		};
/* End PBXNativeTarget section */

/* Begin PBXProject section */
		44B9097918F1FB21006DDD07 /* Project object */ = {
			isa = PBXProject;
			attributes = {
				CLASSPREFIX = TRR;
				LastUpgradeCheck = 0510;
				ORGANIZATIONNAME = "Humza Iqbal";
				TargetAttributes = {
					44B909A118F1FB21006DDD07 = {
						TestTargetID = 44B9098018F1FB21006DDD07;
					};
				};
			};
			buildConfigurationList = 44B9097C18F1FB21006DDD07 /* Build configuration list for PBXProject "GitTest" */;
			compatibilityVersion = "Xcode 3.2";
			developmentRegion = English;
			hasScannedForEncodings = 0;
			knownRegions = (
				en,
				Base,
			);
			mainGroup = 44B9097818F1FB21006DDD07;
			productRefGroup = 44B9098218F1FB21006DDD07 /* Products */;
			projectDirPath = "";
			projectRoot = "";
			targets = (
				44B9098018F1FB21006DDD07 /* GitTest */,
				44B909A118F1FB21006DDD07 /* GitTestTests */,
			);
		};
/* End PBXProject section */

/* Begin PBXResourcesBuildPhase section */
		44B9097F18F1FB21006DDD07 /* Resources */ = {
			isa = PBXResourcesBuildPhase;
			buildActionMask = 2147483647;
			files = (
				44B9099D18F1FB21006DDD07 /* Images.xcassets in Resources */,
				44B9098F18F1FB21006DDD07 /* InfoPlist.strings in Resources */,
				44B9099818F1FB21006DDD07 /* Main.storyboard in Resources */,
			);
			runOnlyForDeploymentPostprocessing = 0;
		};
		44B909A018F1FB21006DDD07 /* Resources */ = {
			isa = PBXResourcesBuildPhase;
			buildActionMask = 2147483647;
			files = (
				44B909AE18F1FB21006DDD07 /* InfoPlist.strings in Resources */,
			);
			runOnlyForDeploymentPostprocessing = 0;
		};
/* End PBXResourcesBuildPhase section */

/* Begin PBXSourcesBuildPhase section */
		44B9097D18F1FB21006DDD07 /* Sources */ = {
			isa = PBXSourcesBuildPhase;
			buildActionMask = 2147483647;
			files = (
				44B9099B18F1FB21006DDD07 /* TRRViewController.m in Sources */,
				44B9099118F1FB21006DDD07 /* main.m in Sources */,
				44B9099518F1FB21006DDD07 /* TRRAppDelegate.m in Sources */,
			);
			runOnlyForDeploymentPostprocessing = 0;
		};
		44B9099E18F1FB21006DDD07 /* Sources */ = {
			isa = PBXSourcesBuildPhase;
			buildActionMask = 2147483647;
			files = (
				44B909B018F1FB21006DDD07 /* GitTestTests.m in Sources */,
			);
			runOnlyForDeploymentPostprocessing = 0;
		};
/* End PBXSourcesBuildPhase section */

/* Begin PBXTargetDependency section */
		44B909A818F1FB21006DDD07 /* PBXTargetDependency */ = {
			isa = PBXTargetDependency;
			target = 44B9098018F1FB21006DDD07 /* GitTest */;
			targetProxy = 44B909A718F1FB21006DDD07 /* PBXContainerItemProxy */;
		};
/* End PBXTargetDependency section */

/* Begin PBXVariantGroup section */
		44B9098D18F1FB21006DDD07 /* InfoPlist.strings */ = {
			isa = PBXVariantGroup;
			children = (
				44B9098E18F1FB21006DDD07 /* en */,
			);
			name = InfoPlist.strings;
			sourceTree = "<group>";
		};
		44B9099618F1FB21006DDD07 /* Main.storyboard */ = {
			isa = PBXVariantGroup;
			children = (
				44B9099718F1FB21006DDD07 /* Base */,
			);
			name = Main.storyboard;
			sourceTree = "<group>";
		};
		44B909AC18F1FB21006DDD07 /* InfoPlist.strings */ = {
			isa = PBXVariantGroup;
			children = (
				44B909AD18F1FB21006DDD07 /* en */,
			);
			name = InfoPlist.strings;
			sourceTree = "<group>";
		};
/* End PBXVariantGroup section */

/* Begin XCBuildConfiguration section */
		44B909B118F1FB21006DDD07 /* Debug */ = {
			isa = XCBuildConfiguration;
			buildSettings = {
				ALWAYS_SEARCH_USER_PATHS = NO;
				CLANG_CXX_LANGUAGE_STANDARD = "gnu++0x";
				CLANG_CXX_LIBRARY = "libc++";
				CLANG_ENABLE_MODULES = YES;
				CLANG_ENABLE_OBJC_ARC = YES;
				CLANG_WARN_BOOL_CONVERSION = YES;
				CLANG_WARN_CONSTANT_CONVERSION = YES;
				CLANG_WARN_DIRECT_OBJC_ISA_USAGE = YES_ERROR;
				CLANG_WARN_EMPTY_BODY = YES;
				CLANG_WARN_ENUM_CONVERSION = YES;
				CLANG_WARN_INT_CONVERSION = YES;
				CLANG_WARN_OBJC_ROOT_CLASS = YES_ERROR;
				CLANG_WARN__DUPLICATE_METHOD_MATCH = YES;
				"CODE_SIGN_IDENTITY[sdk=iphoneos*]" = "iPhone Developer";
				COPY_PHASE_STRIP = NO;
				GCC_C_LANGUAGE_STANDARD = gnu99;
				GCC_DYNAMIC_NO_PIC = NO;
				GCC_OPTIMIZATION_LEVEL = 0;
				GCC_PREPROCESSOR_DEFINITIONS = (
					"DEBUG=1",
					"$(inherited)",
				);
				GCC_SYMBOLS_PRIVATE_EXTERN = NO;
				GCC_WARN_64_TO_32_BIT_CONVERSION = YES;
				GCC_WARN_ABOUT_RETURN_TYPE = YES_ERROR;
				GCC_WARN_UNDECLARED_SELECTOR = YES;
				GCC_WARN_UNINITIALIZED_AUTOS = YES_AGGRESSIVE;
				GCC_WARN_UNUSED_FUNCTION = YES;
				GCC_WARN_UNUSED_VARIABLE = YES;
				IPHONEOS_DEPLOYMENT_TARGET = 7.1;
				ONLY_ACTIVE_ARCH = YES;
				SDKROOT = iphoneos;
			};
			name = Debug;
		};
		44B909B218F1FB21006DDD07 /* Release */ = {
			isa = XCBuildConfiguration;
			buildSettings = {
				ALWAYS_SEARCH_USER_PATHS = NO;
				CLANG_CXX_LANGUAGE_STANDARD = "gnu++0x";
				CLANG_CXX_LIBRARY = "libc++";
				CLANG_ENABLE_MODULES = YES;
				CLANG_ENABLE_OBJC_ARC = YES;
				CLANG_WARN_BOOL_CONVERSION = YES;
				CLANG_WARN_CONSTANT_CONVERSION = YES;
				CLANG_WARN_DIRECT_OBJC_ISA_USAGE = YES_ERROR;
				CLANG_WARN_EMPTY_BODY = YES;
				CLANG_WARN_ENUM_CONVERSION = YES;
				CLANG_WARN_INT_CONVERSION = YES;
				CLANG_WARN_OBJC_ROOT_CLASS = YES_ERROR;
				CLANG_WARN__DUPLICATE_METHOD_MATCH = YES;
				"CODE_SIGN_IDENTITY[sdk=iphoneos*]" = "iPhone Developer";
				COPY_PHASE_STRIP = YES;
				ENABLE_NS_ASSERTIONS = NO;
				GCC_C_LANGUAGE_STANDARD = gnu99;
				GCC_WARN_64_TO_32_BIT_CONVERSION = YES;
				GCC_WARN_ABOUT_RETURN_TYPE = YES_ERROR;
				GCC_WARN_UNDECLARED_SELECTOR = YES;
				GCC_WARN_UNINITIALIZED_AUTOS = YES_AGGRESSIVE;
				GCC_WARN_UNUSED_FUNCTION = YES;
				GCC_WARN_UNUSED_VARIABLE = YES;
				IPHONEOS_DEPLOYMENT_TARGET = 7.1;
				SDKROOT = iphoneos;
				VALIDATE_PRODUCT = YES;
			};
			name = Release;
		};
		44B909B418F1FB21006DDD07 /* Debug */ = {
			isa = XCBuildConfiguration;
			buildSettings = {
				ASSETCATALOG_COMPILER_APPICON_NAME = AppIcon;
				ASSETCATALOG_COMPILER_LAUNCHIMAGE_NAME = LaunchImage;
				GCC_PRECOMPILE_PREFIX_HEADER = YES;
				GCC_PREFIX_HEADER = "GitTest/GitTest-Prefix.pch";
				INFOPLIST_FILE = "GitTest/GitTest-Info.plist";
				PRODUCT_NAME = "$(TARGET_NAME)";
				WRAPPER_EXTENSION = app;
			};
			name = Debug;
		};
		44B909B518F1FB21006DDD07 /* Release */ = {
			isa = XCBuildConfiguration;
			buildSettings = {
				ASSETCATALOG_COMPILER_APPICON_NAME = AppIcon;
				ASSETCATALOG_COMPILER_LAUNCHIMAGE_NAME = LaunchImage;
				GCC_PRECOMPILE_PREFIX_HEADER = YES;
				GCC_PREFIX_HEADER = "GitTest/GitTest-Prefix.pch";
				INFOPLIST_FILE = "GitTest/GitTest-Info.plist";
				PRODUCT_NAME = "$(TARGET_NAME)";
				WRAPPER_EXTENSION = app;
			};
			name = Release;
		};
		44B909B718F1FB21006DDD07 /* Debug */ = {
			isa = XCBuildConfiguration;
			buildSettings = {
				BUNDLE_LOADER = "$(BUILT_PRODUCTS_DIR)/GitTest.app/GitTest";
				FRAMEWORK_SEARCH_PATHS = (
					"$(SDKROOT)/Developer/Library/Frameworks",
					"$(inherited)",
					"$(DEVELOPER_FRAMEWORKS_DIR)",
				);
				GCC_PRECOMPILE_PREFIX_HEADER = YES;
				GCC_PREFIX_HEADER = "GitTest/GitTest-Prefix.pch";
				GCC_PREPROCESSOR_DEFINITIONS = (
					"DEBUG=1",
					"$(inherited)",
				);
				INFOPLIST_FILE = "GitTestTests/GitTestTests-Info.plist";
				PRODUCT_NAME = "$(TARGET_NAME)";
				TEST_HOST = "$(BUNDLE_LOADER)";
				WRAPPER_EXTENSION = xctest;
			};
			name = Debug;
		};
		44B909B818F1FB21006DDD07 /* Release */ = {
			isa = XCBuildConfiguration;
			buildSettings = {
				BUNDLE_LOADER = "$(BUILT_PRODUCTS_DIR)/GitTest.app/GitTest";
				FRAMEWORK_SEARCH_PATHS = (
					"$(SDKROOT)/Developer/Library/Frameworks",
					"$(inherited)",
					"$(DEVELOPER_FRAMEWORKS_DIR)",
				);
				GCC_PRECOMPILE_PREFIX_HEADER = YES;
				GCC_PREFIX_HEADER = "GitTest/GitTest-Prefix.pch";
				INFOPLIST_FILE = "GitTestTests/GitTestTests-Info.plist";
				PRODUCT_NAME = "$(TARGET_NAME)";
				TEST_HOST = "$(BUNDLE_LOADER)";
				WRAPPER_EXTENSION = xctest;
			};
			name = Release;
		};
/* End XCBuildConfiguration section */

/* Begin XCConfigurationList section */
		44B9097C18F1FB21006DDD07 /* Build configuration list for PBXProject "GitTest" */ = {
			isa = XCConfigurationList;
			buildConfigurations = (
				44B909B118F1FB21006DDD07 /* Debug */,
				44B909B218F1FB21006DDD07 /* Release */,
			);
			defaultConfigurationIsVisible = 0;
			defaultConfigurationName = Release;
		};
		44B909B318F1FB21006DDD07 /* Build configuration list for PBXNativeTarget "GitTest" */ = {
			isa = XCConfigurationList;
			buildConfigurations = (
				44B909B418F1FB21006DDD07 /* Debug */,
				44B909B518F1FB21006DDD07 /* Release */,
			);
			defaultConfigurationIsVisible = 0;
		};
		44B909B618F1FB21006DDD07 /* Build configuration list for PBXNativeTarget "GitTestTests" */ = {
			isa = XCConfigurationList;
			buildConfigurations = (
				44B909B718F1FB21006DDD07 /* Debug */,
				44B909B818F1FB21006DDD07 /* Release */,
			);
			defaultConfigurationIsVisible = 0;
		};
/* End XCConfigurationList section */
	};
	rootObject = 44B9097918F1FB21006DDD07 /* Project object */;
}
